
Microsoft Visual Studio Solution File, Format Version 12.00
# Visual Studio Version 17
VisualStudioVersion = 17.0.31903.59
MinimumVisualStudioVersion = 10.0.40219.1
Project("{FAE04EC0-301F-11D3-BF4B-00C04F79EFBC}") = "ResourceManagement.Api", "ResourceManagement.Api\ResourceManagement.Api.csproj", "{3795D248-40FC-45A1-99B7-318C6ED1FB95}"
EndProject
Project("{FAE04EC0-301F-11D3-BF4B-00C04F79EFBC}") = "ResourceManagement", "ResourceManagement\ResourceManagement.csproj", "{43277969-F814-4456-A7E4-C4271DF1B3A1}"
EndProject
Project("{FAE04EC0-301F-11D3-BF4B-00C04F79EFBC}") = "ResourceManagement.Tests", "ResourceManagement.Tests\ResourceManagement.Tests.csproj", "{67E63AA6-B919-4694-A3C7-704974AA2DAD}"
EndProject
Global
	GlobalSection(SolutionConfigurationPlatforms) = preSolution
		Debug|Any CPU = Debug|Any CPU
		Release|Any CPU = Release|Any CPU
	EndGlobalSection
	GlobalSection(SolutionProperties) = preSolution
		HideSolutionNode = FALSE
	EndGlobalSection
	GlobalSection(ProjectConfigurationPlatforms) = postSolution
		{3795D248-40FC-45A1-99B7-318C6ED1FB95}.Debug|Any CPU.ActiveCfg = Debug|Any CPU
		{3795D248-40FC-45A1-99B7-318C6ED1FB95}.Debug|Any CPU.Build.0 = Debug|Any CPU
		{3795D248-40FC-45A1-99B7-318C6ED1FB95}.Release|Any CPU.ActiveCfg = Release|Any CPU
		{3795D248-40FC-45A1-99B7-318C6ED1FB95}.Release|Any CPU.Build.0 = Release|Any CPU
		{43277969-F814-4456-A7E4-C4271DF1B3A1}.Debug|Any CPU.ActiveCfg = Debug|Any CPU
		{43277969-F814-4456-A7E4-C4271DF1B3A1}.Debug|Any CPU.Build.0 = Debug|Any CPU
		{43277969-F814-4456-A7E4-C4271DF1B3A1}.Release|Any CPU.ActiveCfg = Release|Any CPU
		{43277969-F814-4456-A7E4-C4271DF1B3A1}.Release|Any CPU.Build.0 = Release|Any CPU
		{67E63AA6-B919-4694-A3C7-704974AA2DAD}.Debug|Any CPU.ActiveCfg = Debug|Any CPU
		{67E63AA6-B919-4694-A3C7-704974AA2DAD}.Debug|Any CPU.Build.0 = Debug|Any CPU
		{67E63AA6-B919-4694-A3C7-704974AA2DAD}.Release|Any CPU.ActiveCfg = Release|Any CPU
		{67E63AA6-B919-4694-A3C7-704974AA2DAD}.Release|Any CPU.Build.0 = Release|Any CPU
	EndGlobalSection
EndGlobal
